
Microsoft Visual Studio Solution File, Format Version 12.00
# Visual Studio Version 17
VisualStudioVersion = 17.9.34728.123
MinimumVisualStudioVersion = 10.0.40219.1
Project("{FAE04EC0-301F-11D3-BF4B-00C04F79EFBC}") = "BDKurs", "BDKurs\BDKurs.csproj", "{F8D936B4-0FC8-4203-ABE6-485164C51C81}"
EndProject
Global
	GlobalSection(SolutionConfigurationPlatforms) = preSolution
		Debug|Any CPU = Debug|Any CPU
		Release|Any CPU = Release|Any CPU
	EndGlobalSection
	GlobalSection(ProjectConfigurationPlatforms) = postSolution
		{F8D936B4-0FC8-4203-ABE6-485164C51C81}.Debug|Any CPU.ActiveCfg = Debug|Any CPU
		{F8D936B4-0FC8-4203-ABE6-485164C51C81}.Debug|Any CPU.Build.0 = Debug|Any CPU
		{F8D936B4-0FC8-4203-ABE6-485164C51C81}.Release|Any CPU.ActiveCfg = Release|Any CPU
		{F8D936B4-0FC8-4203-ABE6-485164C51C81}.Release|Any CPU.Build.0 = Release|Any CPU
	EndGlobalSection
	GlobalSection(SolutionProperties) = preSolution
		HideSolutionNode = FALSE
	EndGlobalSection
	GlobalSection(ExtensibilityGlobals) = postSolution
		SolutionGuid = {3FDC36CD-73EB-4149-87C8-89A42ED970C5}
	EndGlobalSection
EndGlobal
